
Microsoft Visual Studio Solution File, Format Version 12.00
# Visual Studio Version 16
VisualStudioVersion = 16.0.29519.87
MinimumVisualStudioVersion = 10.0.40219.1
Project("{FAE04EC0-301F-11D3-BF4B-00C04F79EFBC}") = "CRM_BL", "CRM_BL\CRM_BL.csproj", "{0BD4F5B2-B873-4F55-9B4A-2FE7883A95F4}"
EndProject
Project("{FAE04EC0-301F-11D3-BF4B-00C04F79EFBC}") = "CRM_UI", "CRM_UI\CRM_UI.csproj", "{2EB10FED-7903-401C-AA5E-A4204FEDF160}"
EndProject
Global
	GlobalSection(SolutionConfigurationPlatforms) = preSolution
		Debug|Any CPU = Debug|Any CPU
		Release|Any CPU = Release|Any CPU
	EndGlobalSection
	GlobalSection(ProjectConfigurationPlatforms) = postSolution
		{0BD4F5B2-B873-4F55-9B4A-2FE7883A95F4}.Debug|Any CPU.ActiveCfg = Debug|Any CPU
		{0BD4F5B2-B873-4F55-9B4A-2FE7883A95F4}.Debug|Any CPU.Build.0 = Debug|Any CPU
		{0BD4F5B2-B873-4F55-9B4A-2FE7883A95F4}.Release|Any CPU.ActiveCfg = Release|Any CPU
		{0BD4F5B2-B873-4F55-9B4A-2FE7883A95F4}.Release|Any CPU.Build.0 = Release|Any CPU
		{2EB10FED-7903-401C-AA5E-A4204FEDF160}.Debug|Any CPU.ActiveCfg = Debug|Any CPU
		{2EB10FED-7903-401C-AA5E-A4204FEDF160}.Debug|Any CPU.Build.0 = Debug|Any CPU
		{2EB10FED-7903-401C-AA5E-A4204FEDF160}.Release|Any CPU.ActiveCfg = Release|Any CPU
		{2EB10FED-7903-401C-AA5E-A4204FEDF160}.Release|Any CPU.Build.0 = Release|Any CPU
	EndGlobalSection
	GlobalSection(SolutionProperties) = preSolution
		HideSolutionNode = FALSE
	EndGlobalSection
	GlobalSection(ExtensibilityGlobals) = postSolution
		SolutionGuid = {3EECCBED-300F-4355-82C1-1F0360F665E2}
	EndGlobalSection
EndGlobal
